{
    "_readme": [
        "This file locks the dependencies of your project to a known state",
        "Read more about it at https://getcomposer.org/doc/01-basic-usage.md#installing-dependencies",
        "This file is @generated automatically"
    ],
    "content-hash": "b676921c74a98c887b3c98ff6c4a944b",
    "packages": [
        {
            "name": "edsdk/flmngr-server-php",
            "version": "1.5.8",
            "source": {
                "type": "git",
                "url": "https://github.com/edsdk/flmngr-server-php.git",
                "reference": "208bffd985b2e09e5bb2793358ede02052bdbc79"
            },
            "dist": {
                "type": "zip",
                "url": "https://api.github.com/repos/edsdk/flmngr-server-php/zipball/208bffd985b2e09e5bb2793358ede02052bdbc79",
                "reference": "208bffd985b2e09e5bb2793358ede02052bdbc79",
                "shasum": ""
            },
            "require": {
                "ext-curl": "*",
                "ext-exif": "*",
                "ext-gd": "*",
                "ext-json": "*"
            },
            "type": "library",
            "autoload": {
                "psr-4": {
                    "EdSDK\\FlmngrServer\\": "src/"
                }
            },
            "notification-url": "https://packagist.org/downloads/",
            "license": [
                "proprietary"
            ],
            "authors": [
                {
                    "name": "EdSDK / N1ED / Flmngr team",
                    "email": "support@n1ed.zendesk.com"
                }
            ],
            "description": "Flmngr file manager PHP backend",
            "homepage": "https://flmngr.com",
            "keywords": [
                "file",
                "finder",
                "image",
                "imgpen",
                "manager",
                "server",
                "upload"
            ],
            "support": {
                "issues": "https://github.com/edsdk/flmngr-server-php/issues",
                "source": "https://github.com/edsdk/flmngr-server-php/tree/1.5.8"
            },
            "time": "2023-06-07T13:30:21+00:00"
        }
    ],
    "packages-dev": [],
    "aliases": [],
    "minimum-stability": "stable",
    "stability-flags": [],
    "prefer-stable": false,
    "prefer-lowest": false,
    "platform": {
        "ext-gd": "*",
        "ext-curl": "*",
        "ext-json": "*"
    },
    "platform-dev": [],
    "plugin-api-version": "2.3.0"
}
